
Microsoft Visual Studio Solution File, Format Version 12.00
# Visual Studio 15
VisualStudioVersion = 15.0.28010.0
MinimumVisualStudioVersion = 10.0.40219.1
Project("{FAE04EC0-301F-11D3-BF4B-00C04F79EFBC}") = "inter.search", "inter.search\inter.search.csproj", "{CD579B49-9B90-47CD-8E18-319C394E09B6}"
EndProject
Global
	GlobalSection(SolutionConfigurationPlatforms) = preSolution
		Debug|Any CPU = Debug|Any CPU
		Release|Any CPU = Release|Any CPU
	EndGlobalSection
	GlobalSection(ProjectConfigurationPlatforms) = postSolution
		{CD579B49-9B90-47CD-8E18-319C394E09B6}.Debug|Any CPU.ActiveCfg = Debug|Any CPU
		{CD579B49-9B90-47CD-8E18-319C394E09B6}.Debug|Any CPU.Build.0 = Debug|Any CPU
		{CD579B49-9B90-47CD-8E18-319C394E09B6}.Release|Any CPU.ActiveCfg = Release|Any CPU
		{CD579B49-9B90-47CD-8E18-319C394E09B6}.Release|Any CPU.Build.0 = Release|Any CPU
	EndGlobalSection
	GlobalSection(SolutionProperties) = preSolution
		HideSolutionNode = FALSE
	EndGlobalSection
	GlobalSection(ExtensibilityGlobals) = postSolution
		SolutionGuid = {560293B9-89AD-4719-9CF8-617C14DDC1DF}
	EndGlobalSection
EndGlobal
